
Microsoft Visual Studio Solution File, Format Version 12.00
# Visual Studio Version 16
VisualStudioVersion = 16.0.29215.179
MinimumVisualStudioVersion = 10.0.40219.1
Project("{FAE04EC0-301F-11D3-BF4B-00C04F79EFBC}") = "Shopless.Domain", "Shopless.Domain\Shopless.Domain.csproj", "{19098ED7-8C31-48E5-AF99-AF2CAEB72774}"
EndProject
Project("{FAE04EC0-301F-11D3-BF4B-00C04F79EFBC}") = "Shopless.Disk", "Shopless.Disk\Shopless.Disk.csproj", "{B454C2B4-D74E-4756-8DB1-1C88F6444DE6}"
EndProject
Project("{2150E333-8FDC-42A3-9474-1A3956D46DE8}") = "src", "src", "{EE69B9D9-FB54-44D3-AFAA-02598CAA7FD6}"
EndProject
Project("{2150E333-8FDC-42A3-9474-1A3956D46DE8}") = "IO", "IO", "{4A043ECB-4F3B-4984-B533-F680C7595B3F}"
EndProject
Project("{2150E333-8FDC-42A3-9474-1A3956D46DE8}") = "tests", "tests", "{C39E890B-049E-4359-94CD-4DB61D00AC60}"
EndProject
Project("{FAE04EC0-301F-11D3-BF4B-00C04F79EFBC}") = "Shopless.Tests", "Shopless.Tests\Shopless.Tests.csproj", "{358C62CB-0247-4683-821B-E157E292AAD9}"
EndProject
Project("{FAE04EC0-301F-11D3-BF4B-00C04F79EFBC}") = "Shopless.Autofac", "Shopless.Autofac\Shopless.Autofac.csproj", "{5692644A-032A-4279-8DDD-E8231FBEE108}"
EndProject
Project("{FAE04EC0-301F-11D3-BF4B-00C04F79EFBC}") = "Demo", "Demo\Demo.csproj", "{801FAB6C-34A6-48CF-88C2-E64DA1805057}"
EndProject
Global
	GlobalSection(SolutionConfigurationPlatforms) = preSolution
		Debug|Any CPU = Debug|Any CPU
		Release|Any CPU = Release|Any CPU
	EndGlobalSection
	GlobalSection(ProjectConfigurationPlatforms) = postSolution
		{19098ED7-8C31-48E5-AF99-AF2CAEB72774}.Debug|Any CPU.ActiveCfg = Debug|Any CPU
		{19098ED7-8C31-48E5-AF99-AF2CAEB72774}.Debug|Any CPU.Build.0 = Debug|Any CPU
		{19098ED7-8C31-48E5-AF99-AF2CAEB72774}.Release|Any CPU.ActiveCfg = Release|Any CPU
		{19098ED7-8C31-48E5-AF99-AF2CAEB72774}.Release|Any CPU.Build.0 = Release|Any CPU
		{B454C2B4-D74E-4756-8DB1-1C88F6444DE6}.Debug|Any CPU.ActiveCfg = Debug|Any CPU
		{B454C2B4-D74E-4756-8DB1-1C88F6444DE6}.Debug|Any CPU.Build.0 = Debug|Any CPU
		{B454C2B4-D74E-4756-8DB1-1C88F6444DE6}.Release|Any CPU.ActiveCfg = Release|Any CPU
		{B454C2B4-D74E-4756-8DB1-1C88F6444DE6}.Release|Any CPU.Build.0 = Release|Any CPU
		{358C62CB-0247-4683-821B-E157E292AAD9}.Debug|Any CPU.ActiveCfg = Debug|Any CPU
		{358C62CB-0247-4683-821B-E157E292AAD9}.Debug|Any CPU.Build.0 = Debug|Any CPU
		{358C62CB-0247-4683-821B-E157E292AAD9}.Release|Any CPU.ActiveCfg = Release|Any CPU
		{358C62CB-0247-4683-821B-E157E292AAD9}.Release|Any CPU.Build.0 = Release|Any CPU
		{5692644A-032A-4279-8DDD-E8231FBEE108}.Debug|Any CPU.ActiveCfg = Debug|Any CPU
		{5692644A-032A-4279-8DDD-E8231FBEE108}.Debug|Any CPU.Build.0 = Debug|Any CPU
		{5692644A-032A-4279-8DDD-E8231FBEE108}.Release|Any CPU.ActiveCfg = Release|Any CPU
		{5692644A-032A-4279-8DDD-E8231FBEE108}.Release|Any CPU.Build.0 = Release|Any CPU
		{801FAB6C-34A6-48CF-88C2-E64DA1805057}.Debug|Any CPU.ActiveCfg = Debug|Any CPU
		{801FAB6C-34A6-48CF-88C2-E64DA1805057}.Debug|Any CPU.Build.0 = Debug|Any CPU
		{801FAB6C-34A6-48CF-88C2-E64DA1805057}.Release|Any CPU.ActiveCfg = Release|Any CPU
		{801FAB6C-34A6-48CF-88C2-E64DA1805057}.Release|Any CPU.Build.0 = Release|Any CPU
	EndGlobalSection
	GlobalSection(SolutionProperties) = preSolution
		HideSolutionNode = FALSE
	EndGlobalSection
	GlobalSection(NestedProjects) = preSolution
		{19098ED7-8C31-48E5-AF99-AF2CAEB72774} = {EE69B9D9-FB54-44D3-AFAA-02598CAA7FD6}
		{B454C2B4-D74E-4756-8DB1-1C88F6444DE6} = {4A043ECB-4F3B-4984-B533-F680C7595B3F}
		{4A043ECB-4F3B-4984-B533-F680C7595B3F} = {EE69B9D9-FB54-44D3-AFAA-02598CAA7FD6}
		{358C62CB-0247-4683-821B-E157E292AAD9} = {C39E890B-049E-4359-94CD-4DB61D00AC60}
		{5692644A-032A-4279-8DDD-E8231FBEE108} = {EE69B9D9-FB54-44D3-AFAA-02598CAA7FD6}
	EndGlobalSection
	GlobalSection(ExtensibilityGlobals) = postSolution
		SolutionGuid = {33454DCA-508F-47CB-94CB-A67CE4855361}
	EndGlobalSection
EndGlobal
